// !$*UTF8*$!
{
	archiveVersion = 1;
	classes = {
	};
	objectVersion = 46;
	objects = {

/* Begin PBXBuildFile section */
		870394FC1C7D61A600EB7002 /* AppDelegate.swift in Sources */ = {isa = PBXBuildFile; fileRef = 870394FB1C7D61A600EB7002 /* AppDelegate.swift */; };
		870394FE1C7D61A600EB7002 /* ViewController.swift in Sources */ = {isa = PBXBuildFile; fileRef = 870394FD1C7D61A600EB7002 /* ViewController.swift */; };
		870395011C7D61A600EB7002 /* Main.storyboard in Resources */ = {isa = PBXBuildFile; fileRef = 870394FF1C7D61A600EB7002 /* Main.storyboard */; };
		870395031C7D61A600EB7002 /* Assets.xcassets in Resources */ = {isa = PBXBuildFile; fileRef = 870395021C7D61A600EB7002 /* Assets.xcassets */; };
		870395061C7D61A600EB7002 /* LaunchScreen.storyboard in Resources */ = {isa = PBXBuildFile; fileRef = 870395041C7D61A600EB7002 /* LaunchScreen.storyboard */; };
		870395101C7D690F00EB7002 /* question-mark-xxl.png in Resources */ = {isa = PBXBuildFile; fileRef = 8703950F1C7D690F00EB7002 /* question-mark-xxl.png */; };
		870395121C7D695600EB7002 /* wrong.png in Resources */ = {isa = PBXBuildFile; fileRef = 870395111C7D695600EB7002 /* wrong.png */; };
		870395141C7D6DDE00EB7002 /* really.jpg in Resources */ = {isa = PBXBuildFile; fileRef = 870395131C7D6DDE00EB7002 /* really.jpg */; };
		870395161C7D73A800EB7002 /* Salute_Finger.jpg in Resources */ = {isa = PBXBuildFile; fileRef = 870395151C7D73A800EB7002 /* Salute_Finger.jpg */; };
		870395181C7D74B300EB7002 /* middle-finger-jonny-doomsda.jpg in Resources */ = {isa = PBXBuildFile; fileRef = 870395171C7D74B300EB7002 /* middle-finger-jonny-doomsda.jpg */; };
/* End PBXBuildFile section */

/* Begin PBXFileReference section */
		870394F81C7D61A600EB7002 /* How Many Fingers.app */ = {isa = PBXFileReference; explicitFileType = wrapper.application; includeInIndex = 0; path = "How Many Fingers.app"; sourceTree = BUILT_PRODUCTS_DIR; };
		870394FB1C7D61A600EB7002 /* AppDelegate.swift */ = {isa = PBXFileReference; lastKnownFileType = sourcecode.swift; path = AppDelegate.swift; sourceTree = "<group>"; };
		870394FD1C7D61A600EB7002 /* ViewController.swift */ = {isa = PBXFileReference; lastKnownFileType = sourcecode.swift; path = ViewController.swift; sourceTree = "<group>"; };
		870395001C7D61A600EB7002 /* Base */ = {isa = PBXFileReference; lastKnownFileType = file.storyboard; name = Base; path = Base.lproj/Main.storyboard; sourceTree = "<group>"; };
		870395021C7D61A600EB7002 /* Assets.xcassets */ = {isa = PBXFileReference; lastKnownFileType = folder.assetcatalog; path = Assets.xcassets; sourceTree = "<group>"; };
		870395051C7D61A600EB7002 /* Base */ = {isa = PBXFileReference; lastKnownFileType = file.storyboard; name = Base; path = Base.lproj/LaunchScreen.storyboard; sourceTree = "<group>"; };
		870395071C7D61A600EB7002 /* Info.plist */ = {isa = PBXFileReference; lastKnownFileType = text.plist.xml; path = Info.plist; sourceTree = "<group>"; };
		8703950F1C7D690F00EB7002 /* question-mark-xxl.png */ = {isa = PBXFileReference; lastKnownFileType = image.png; path = "question-mark-xxl.png"; sourceTree = "<group>"; };
		870395111C7D695600EB7002 /* wrong.png */ = {isa = PBXFileReference; lastKnownFileType = image.png; path = wrong.png; sourceTree = "<group>"; };
		870395131C7D6DDE00EB7002 /* really.jpg */ = {isa = PBXFileReference; lastKnownFileType = image.jpeg; path = really.jpg; sourceTree = "<group>"; };
		870395151C7D73A800EB7002 /* Salute_Finger.jpg */ = {isa = PBXFileReference; lastKnownFileType = image.jpeg; path = Salute_Finger.jpg; sourceTree = "<group>"; };
		870395171C7D74B300EB7002 /* middle-finger-jonny-doomsda.jpg */ = {isa = PBXFileReference; lastKnownFileType = image.jpeg; path = "middle-finger-jonny-doomsda.jpg"; sourceTree = "<group>"; };
/* End PBXFileReference section */

/* Begin PBXFrameworksBuildPhase section */
		870394F51C7D61A600EB7002 /* Frameworks */ = {
			isa = PBXFrameworksBuildPhase;
			buildActionMask = 2147483647;
			files = (
			);
			runOnlyForDeploymentPostprocessing = 0;
		};
/* End PBXFrameworksBuildPhase section */

/* Begin PBXGroup section */
		870394EF1C7D61A600EB7002 = {
			isa = PBXGroup;
			children = (
				870394FA1C7D61A600EB7002 /* How Many Fingers */,
				870394F91C7D61A600EB7002 /* Products */,
			);
			sourceTree = "<group>";
		};
		870394F91C7D61A600EB7002 /* Products */ = {
			isa = PBXGroup;
			children = (
				870394F81C7D61A600EB7002 /* How Many Fingers.app */,
			);
			name = Products;
			sourceTree = "<group>";
		};
		870394FA1C7D61A600EB7002 /* How Many Fingers */ = {
			isa = PBXGroup;
			children = (
				870394FB1C7D61A600EB7002 /* AppDelegate.swift */,
				870394FD1C7D61A600EB7002 /* ViewController.swift */,
				8703950F1C7D690F00EB7002 /* question-mark-xxl.png */,
				870395171C7D74B300EB7002 /* middle-finger-jonny-doomsda.jpg */,
				870395111C7D695600EB7002 /* wrong.png */,
				870395131C7D6DDE00EB7002 /* really.jpg */,
				870395151C7D73A800EB7002 /* Salute_Finger.jpg */,
				870394FF1C7D61A600EB7002 /* Main.storyboard */,
				870395021C7D61A600EB7002 /* Assets.xcassets */,
				870395041C7D61A600EB7002 /* LaunchScreen.storyboard */,
				870395071C7D61A600EB7002 /* Info.plist */,
			);
			path = "How Many Fingers";
			sourceTree = "<group>";
		};
/* End PBXGroup section */

/* Begin PBXNativeTarget section */
		870394F71C7D61A600EB7002 /* How Many Fingers */ = {
			isa = PBXNativeTarget;
			buildConfigurationList = 8703950A1C7D61A600EB7002 /* Build configuration list for PBXNativeTarget "How Many Fingers" */;
			buildPhases = (
				870394F41C7D61A600EB7002 /* Sources */,
				870394F51C7D61A600EB7002 /* Frameworks */,
				870394F61C7D61A600EB7002 /* Resources */,
			);
			buildRules = (
			);
			dependencies = (
			);
			name = "How Many Fingers";
			productName = "How Many Fingers";
			productReference = 870394F81C7D61A600EB7002 /* How Many Fingers.app */;
			productType = "com.apple.product-type.application";
		};
/* End PBXNativeTarget section */

/* Begin PBXProject section */
		870394F01C7D61A600EB7002 /* Project object */ = {
			isa = PBXProject;
			attributes = {
				LastSwiftUpdateCheck = 0720;
				LastUpgradeCheck = 0720;
				ORGANIZATIONNAME = voodoo15;
				TargetAttributes = {
					870394F71C7D61A600EB7002 = {
						CreatedOnToolsVersion = 7.2.1;
						DevelopmentTeam = 3Q2Q6Z8KXF;
					};
				};
			};
			buildConfigurationList = 870394F31C7D61A600EB7002 /* Build configuration list for PBXProject "How Many Fingers" */;
			compatibilityVersion = "Xcode 3.2";
			developmentRegion = English;
			hasScannedForEncodings = 0;
			knownRegions = (
				en,
				Base,
			);
			mainGroup = 870394EF1C7D61A600EB7002;
			productRefGroup = 870394F91C7D61A600EB7002 /* Products */;
			projectDirPath = "";
			projectRoot = "";
			targets = (
				870394F71C7D61A600EB7002 /* How Many Fingers */,
			);
		};
/* End PBXProject section */

/* Begin PBXResourcesBuildPhase section */
		870394F61C7D61A600EB7002 /* Resources */ = {
			isa = PBXResourcesBuildPhase;
			buildActionMask = 2147483647;
			files = (
				870395141C7D6DDE00EB7002 /* really.jpg in Resources */,
				870395121C7D695600EB7002 /* wrong.png in Resources */,
				870395061C7D61A600EB7002 /* LaunchScreen.storyboard in Resources */,
				870395031C7D61A600EB7002 /* Assets.xcassets in Resources */,
				870395181C7D74B300EB7002 /* middle-finger-jonny-doomsda.jpg in Resources */,
				870395011C7D61A600EB7002 /* Main.storyboard in Resources */,
				870395161C7D73A800EB7002 /* Salute_Finger.jpg in Resources */,
				870395101C7D690F00EB7002 /* question-mark-xxl.png in Resources */,
			);
			runOnlyForDeploymentPostprocessing = 0;
		};
/* End PBXResourcesBuildPhase section */

/* Begin PBXSourcesBuildPhase section */
		870394F41C7D61A600EB7002 /* Sources */ = {
			isa = PBXSourcesBuildPhase;
			buildActionMask = 2147483647;
			files = (
				870394FE1C7D61A600EB7002 /* ViewController.swift in Sources */,
				870394FC1C7D61A600EB7002 /* AppDelegate.swift in Sources */,
			);
			runOnlyForDeploymentPostprocessing = 0;
		};
/* End PBXSourcesBuildPhase section */

/* Begin PBXVariantGroup section */
		870394FF1C7D61A600EB7002 /* Main.storyboard */ = {
			isa = PBXVariantGroup;
			children = (
				870395001C7D61A600EB7002 /* Base */,
			);
			name = Main.storyboard;
			sourceTree = "<group>";
		};
		870395041C7D61A600EB7002 /* LaunchScreen.storyboard */ = {
			isa = PBXVariantGroup;
			children = (
				870395051C7D61A600EB7002 /* Base */,
			);
			name = LaunchScreen.storyboard;
			sourceTree = "<group>";
		};
/* End PBXVariantGroup section */

/* Begin XCBuildConfiguration section */
		870395081C7D61A600EB7002 /* Debug */ = {
			isa = XCBuildConfiguration;
			buildSettings = {
				ALWAYS_SEARCH_USER_PATHS = NO;
				CLANG_CXX_LANGUAGE_STANDARD = "gnu++0x";
				CLANG_CXX_LIBRARY = "libc++";
				CLANG_ENABLE_MODULES = YES;
				CLANG_ENABLE_OBJC_ARC = YES;
				CLANG_WARN_BOOL_CONVERSION = YES;
				CLANG_WARN_CONSTANT_CONVERSION = YES;
				CLANG_WARN_DIRECT_OBJC_ISA_USAGE = YES_ERROR;
				CLANG_WARN_EMPTY_BODY = YES;
				CLANG_WARN_ENUM_CONVERSION = YES;
				CLANG_WARN_INT_CONVERSION = YES;
				CLANG_WARN_OBJC_ROOT_CLASS = YES_ERROR;
				CLANG_WARN_UNREACHABLE_CODE = YES;
				CLANG_WARN__DUPLICATE_METHOD_MATCH = YES;
				"CODE_SIGN_IDENTITY[sdk=iphoneos*]" = "iPhone Developer";
				COPY_PHASE_STRIP = NO;
				DEBUG_INFORMATION_FORMAT = dwarf;
				ENABLE_STRICT_OBJC_MSGSEND = YES;
				ENABLE_TESTABILITY = YES;
				GCC_C_LANGUAGE_STANDARD = gnu99;
				GCC_DYNAMIC_NO_PIC = NO;
				GCC_NO_COMMON_BLOCKS = YES;
				GCC_OPTIMIZATION_LEVEL = 0;
				GCC_PREPROCESSOR_DEFINITIONS = (
					"DEBUG=1",
					"$(inherited)",
				);
				GCC_WARN_64_TO_32_BIT_CONVERSION = YES;
				GCC_WARN_ABOUT_RETURN_TYPE = YES_ERROR;
				GCC_WARN_UNDECLARED_SELECTOR = YES;
				GCC_WARN_UNINITIALIZED_AUTOS = YES_AGGRESSIVE;
				GCC_WARN_UNUSED_FUNCTION = YES;
				GCC_WARN_UNUSED_VARIABLE = YES;
				IPHONEOS_DEPLOYMENT_TARGET = 9.2;
				MTL_ENABLE_DEBUG_INFO = YES;
				ONLY_ACTIVE_ARCH = YES;
				SDKROOT = iphoneos;
				SWIFT_OPTIMIZATION_LEVEL = "-Onone";
			};
			name = Debug;
		};
		870395091C7D61A600EB7002 /* Release */ = {
			isa = XCBuildConfiguration;
			buildSettings = {
				ALWAYS_SEARCH_USER_PATHS = NO;
				CLANG_CXX_LANGUAGE_STANDARD = "gnu++0x";
				CLANG_CXX_LIBRARY = "libc++";
				CLANG_ENABLE_MODULES = YES;
				CLANG_ENABLE_OBJC_ARC = YES;
				CLANG_WARN_BOOL_CONVERSION = YES;
				CLANG_WARN_CONSTANT_CONVERSION = YES;
				CLANG_WARN_DIRECT_OBJC_ISA_USAGE = YES_ERROR;
				CLANG_WARN_EMPTY_BODY = YES;
				CLANG_WARN_ENUM_CONVERSION = YES;
				CLANG_WARN_INT_CONVERSION = YES;
				CLANG_WARN_OBJC_ROOT_CLASS = YES_ERROR;
				CLANG_WARN_UNREACHABLE_CODE = YES;
				CLANG_WARN__DUPLICATE_METHOD_MATCH = YES;
				"CODE_SIGN_IDENTITY[sdk=iphoneos*]" = "iPhone Developer";
				COPY_PHASE_STRIP = NO;
				DEBUG_INFORMATION_FORMAT = "dwarf-with-dsym";
				ENABLE_NS_ASSERTIONS = NO;
				ENABLE_STRICT_OBJC_MSGSEND = YES;
				GCC_C_LANGUAGE_STANDARD = gnu99;
				GCC_NO_COMMON_BLOCKS = YES;
				GCC_WARN_64_TO_32_BIT_CONVERSION = YES;
				GCC_WARN_ABOUT_RETURN_TYPE = YES_ERROR;
				GCC_WARN_UNDECLARED_SELECTOR = YES;
				GCC_WARN_UNINITIALIZED_AUTOS = YES_AGGRESSIVE;
				GCC_WARN_UNUSED_FUNCTION = YES;
				GCC_WARN_UNUSED_VARIABLE = YES;
				IPHONEOS_DEPLOYMENT_TARGET = 9.2;
				MTL_ENABLE_DEBUG_INFO = NO;
				SDKROOT = iphoneos;
				VALIDATE_PRODUCT = YES;
			};
			name = Release;
		};
		8703950B1C7D61A600EB7002 /* Debug */ = {
			isa = XCBuildConfiguration;
			buildSettings = {
				ASSETCATALOG_COMPILER_APPICON_NAME = AppIcon;
				INFOPLIST_FILE = "How Many Fingers/Info.plist";
				LD_RUNPATH_SEARCH_PATHS = "$(inherited) @executable_path/Frameworks";
				PRODUCT_BUNDLE_IDENTIFIER = "com.voodoo15.How-Many-Fingers";
				PRODUCT_NAME = "$(TARGET_NAME)";
			};
			name = Debug;
		};
		8703950C1C7D61A600EB7002 /* Release */ = {
			isa = XCBuildConfiguration;
			buildSettings = {
				ASSETCATALOG_COMPILER_APPICON_NAME = AppIcon;
				INFOPLIST_FILE = "How Many Fingers/Info.plist";
				LD_RUNPATH_SEARCH_PATHS = "$(inherited) @executable_path/Frameworks";
				PRODUCT_BUNDLE_IDENTIFIER = "com.voodoo15.How-Many-Fingers";
				PRODUCT_NAME = "$(TARGET_NAME)";
			};
			name = Release;
		};
/* End XCBuildConfiguration section */

/* Begin XCConfigurationList section */
		870394F31C7D61A600EB7002 /* Build configuration list for PBXProject "How Many Fingers" */ = {
			isa = XCConfigurationList;
			buildConfigurations = (
				870395081C7D61A600EB7002 /* Debug */,
				870395091C7D61A600EB7002 /* Release */,
			);
			defaultConfigurationIsVisible = 0;
			defaultConfigurationName = Release;
		};
		8703950A1C7D61A600EB7002 /* Build configuration list for PBXNativeTarget "How Many Fingers" */ = {
			isa = XCConfigurationList;
			buildConfigurations = (
				8703950B1C7D61A600EB7002 /* Debug */,
				8703950C1C7D61A600EB7002 /* Release */,
			);
			defaultConfigurationIsVisible = 0;
			defaultConfigurationName = Release;
		};
/* End XCConfigurationList section */
	};
	rootObject = 870394F01C7D61A600EB7002 /* Project object */;
}
